
Microsoft Visual Studio Solution File, Format Version 12.00
# Visual Studio 15
VisualStudioVersion = 15.0.26730.3
MinimumVisualStudioVersion = 10.0.40219.1
Project("{FAE04EC0-301F-11D3-BF4B-00C04F79EFBC}") = "GuessTheNumber", "GuessTheNumber\GuessTheNumber.csproj", "{DA176473-B30B-4769-B7F2-463C3A2B57C9}"
EndProject
Global
	GlobalSection(SolutionConfigurationPlatforms) = preSolution
		Debug|Any CPU = Debug|Any CPU
		Release|Any CPU = Release|Any CPU
	EndGlobalSection
	GlobalSection(ProjectConfigurationPlatforms) = postSolution
		{DA176473-B30B-4769-B7F2-463C3A2B57C9}.Debug|Any CPU.ActiveCfg = Debug|Any CPU
		{DA176473-B30B-4769-B7F2-463C3A2B57C9}.Debug|Any CPU.Build.0 = Debug|Any CPU
		{DA176473-B30B-4769-B7F2-463C3A2B57C9}.Release|Any CPU.ActiveCfg = Release|Any CPU
		{DA176473-B30B-4769-B7F2-463C3A2B57C9}.Release|Any CPU.Build.0 = Release|Any CPU
	EndGlobalSection
	GlobalSection(SolutionProperties) = preSolution
		HideSolutionNode = FALSE
	EndGlobalSection
	GlobalSection(ExtensibilityGlobals) = postSolution
		SolutionGuid = {8525FD98-E4E5-4D82-BD84-F535EC6CAEDB}
	EndGlobalSection
EndGlobal
